
Microsoft Visual Studio Solution File, Format Version 12.00
# Visual Studio Version 16
VisualStudioVersion = 16.0.29326.143
MinimumVisualStudioVersion = 10.0.40219.1
Project("{FAE04EC0-301F-11D3-BF4B-00C04F79EFBC}") = "PacMan-test", "PacMan-test.csproj", "{653B3A35-A8FE-4372-A316-93665B0D614A}"
EndProject
Global
	GlobalSection(SolutionConfigurationPlatforms) = preSolution
		Debug|x86 = Debug|x86
		Release|x86 = Release|x86
	EndGlobalSection
	GlobalSection(ProjectConfigurationPlatforms) = postSolution
		{653B3A35-A8FE-4372-A316-93665B0D614A}.Debug|x86.ActiveCfg = Debug|x86
		{653B3A35-A8FE-4372-A316-93665B0D614A}.Debug|x86.Build.0 = Debug|x86
		{653B3A35-A8FE-4372-A316-93665B0D614A}.Release|x86.ActiveCfg = Release|x86
		{653B3A35-A8FE-4372-A316-93665B0D614A}.Release|x86.Build.0 = Release|x86
	EndGlobalSection
	GlobalSection(SolutionProperties) = preSolution
		HideSolutionNode = FALSE
	EndGlobalSection
	GlobalSection(ExtensibilityGlobals) = postSolution
		SolutionGuid = {BD5636EC-B88F-420E-BE70-B5389079011A}
	EndGlobalSection
EndGlobal
